// !$*UTF8*$!
{
	archiveVersion = 1;
	classes = {
	};
	objectVersion = 71;
	objects = {

/* Begin PBXBuildFile section */
		64486C0E3039979500BD3175 /* Sparkle in Frameworks */ = {isa = PBXBuildFile; productRef = 64486C0D3039979500BD3175 /* Sparkle */; };
		A10000000000000000000001 /* Analytics.swift in Sources */ = {isa = PBXBuildFile; fileRef = B10000000000000000000001 /* Analytics.swift */; };
		A10000000000000000000002 /* CodexStore.swift in Sources */ = {isa = PBXBuildFile; fileRef = B10000000000000000000002 /* CodexStore.swift */; };
		A10000000000000000000003 /* Models.swift in Sources */ = {isa = PBXBuildFile; fileRef = B10000000000000000000003 /* Models.swift */; };
		A10000000000000000000004 /* Pricing.swift in Sources */ = {isa = PBXBuildFile; fileRef = B10000000000000000000004 /* Pricing.swift */; };
		A10000000000000000000005 /* RolloutParser.swift in Sources */ = {isa = PBXBuildFile; fileRef = B10000000000000000000005 /* RolloutParser.swift */; };
		A10000000000000000000006 /* Subscription.swift in Sources */ = {isa = PBXBuildFile; fileRef = B10000000000000000000006 /* Subscription.swift */; };
		A10000000000000000000007 /* HistoricalStore.swift in Sources */ = {isa = PBXBuildFile; fileRef = B10000000000000000000007 /* HistoricalStore.swift */; };
		A10000000000000000000008 /* DynamicPricing.swift in Sources */ = {isa = PBXBuildFile; fileRef = B10000000000000000000008 /* DynamicPricing.swift */; };
		A10000000000000000000009 /* Conversation.swift in Sources */ = {isa = PBXBuildFile; fileRef = B10000000000000000000009 /* Conversation.swift */; };
		A1000000000000000000000A /* MetricsIndex.swift in Sources */ = {isa = PBXBuildFile; fileRef = B1000000000000000000000A /* MetricsIndex.swift */; };
		A1000000000000000000000B /* CodexSourcePaths.swift in Sources */ = {isa = PBXBuildFile; fileRef = B1000000000000000000000B /* CodexSourcePaths.swift */; };
		A20000000000000000000001 /* CodexDashboardApp.swift in Sources */ = {isa = PBXBuildFile; fileRef = B20000000000000000000001 /* CodexDashboardApp.swift */; };
		A20000000000000000000007 /* MenuBarStore.swift in Sources */ = {isa = PBXBuildFile; fileRef = B20000000000000000000007 /* MenuBarStore.swift */; };
		A20000000000000000000008 /* DashboardProcessCoordinator.swift in Sources */ = {isa = PBXBuildFile; fileRef = B20000000000000000000008 /* DashboardProcessCoordinator.swift */; };
		A20000000000000000000009 /* DashboardPreferences.swift in Sources */ = {isa = PBXBuildFile; fileRef = B20000000000000000000009 /* DashboardPreferences.swift */; };
		A2000000000000000000000C /* StatusItemController.swift in Sources */ = {isa = PBXBuildFile; fileRef = B2000000000000000000000C /* StatusItemController.swift */; };
		A2000000000000000000000E /* CodexSourceWatcher.swift in Sources */ = {isa = PBXBuildFile; fileRef = B20000000000000000000006 /* CodexSourceWatcher.swift */; };
		A2000000000000000000000D /* MenuBarPopoverView.swift in Sources */ = {isa = PBXBuildFile; fileRef = B80000000000000000000002 /* MenuBarPopoverView.swift */; };
		A70000000000000000000001 /* HelperMain.swift in Sources */ = {isa = PBXBuildFile; fileRef = B70000000000000000000001 /* HelperMain.swift */; };
		A70000000000000000000002 /* Assets.xcassets in Resources */ = {isa = PBXBuildFile; fileRef = B60000000000000000000004 /* Assets.xcassets */; };
		A70000000000000000000003 /* CodexDashboardUI.app in Embed Helpers */ = {isa = PBXBuildFile; fileRef = B70000000000000000000003 /* CodexDashboardUI.app */; settings = {ATTRIBUTES = (CodeSignOnCopy, ); }; };
		A70000000000000000000004 /* Components.swift in Helper Sources */ = {isa = PBXBuildFile; fileRef = B20000000000000000000002 /* Components.swift */; };
		A70000000000000000000005 /* ContentView.swift in Helper Sources */ = {isa = PBXBuildFile; fileRef = B20000000000000000000003 /* ContentView.swift */; };
		A70000000000000000000006 /* DashboardStore.swift in Helper Sources */ = {isa = PBXBuildFile; fileRef = B20000000000000000000004 /* DashboardStore.swift */; };
		A70000000000000000000007 /* ConversationInspectorView.swift in Helper Sources */ = {isa = PBXBuildFile; fileRef = B20000000000000000000005 /* ConversationInspectorView.swift */; };
		A7000000000000000000000A /* DashboardHelperView.swift in Sources */ = {isa = PBXBuildFile; fileRef = B70000000000000000000004 /* DashboardHelperView.swift */; };
		A7000000000000000000000B /* DashboardPreferences.swift in Helper Sources */ = {isa = PBXBuildFile; fileRef = B20000000000000000000009 /* DashboardPreferences.swift */; };
		A50000000000000000000005 /* CodexMetricsCore.framework in Helper Frameworks */ = {isa = PBXBuildFile; fileRef = B50000000000000000000001 /* CodexMetricsCore.framework */; };
		A30000000000000000000001 /* main.swift in Sources */ = {isa = PBXBuildFile; fileRef = B30000000000000000000001 /* main.swift */; };
		A40000000000000000000001 /* AnalyticsTests.swift in Sources */ = {isa = PBXBuildFile; fileRef = B40000000000000000000001 /* AnalyticsTests.swift */; };
		A50000000000000000000001 /* CodexMetricsCore.framework in Frameworks */ = {isa = PBXBuildFile; fileRef = B50000000000000000000001 /* CodexMetricsCore.framework */; };
		A50000000000000000000002 /* CodexMetricsCore.framework in Frameworks */ = {isa = PBXBuildFile; fileRef = B50000000000000000000001 /* CodexMetricsCore.framework */; };
		A50000000000000000000003 /* CodexMetricsCore.framework in Frameworks */ = {isa = PBXBuildFile; fileRef = B50000000000000000000001 /* CodexMetricsCore.framework */; };
		A50000000000000000000004 /* CodexMetricsCore.framework in Embed Frameworks */ = {isa = PBXBuildFile; fileRef = B50000000000000000000001 /* CodexMetricsCore.framework */; settings = {ATTRIBUTES = (CodeSignOnCopy, RemoveHeadersOnCopy, ); }; };
		A60000000000000000000001 /* Assets.xcassets in Resources */ = {isa = PBXBuildFile; fileRef = B60000000000000000000004 /* Assets.xcassets */; };
/* End PBXBuildFile section */

/* Begin PBXContainerItemProxy section */
		C10000000000000000000001 /* PBXContainerItemProxy */ = {
			isa = PBXContainerItemProxy;
			containerPortal = F00000000000000000000001 /* Project object */;
			proxyType = 1;
			remoteGlobalIDString = D10000000000000000000001;
			remoteInfo = CodexMetricsCore;
		};
		C10000000000000000000002 /* PBXContainerItemProxy */ = {
			isa = PBXContainerItemProxy;
			containerPortal = F00000000000000000000001 /* Project object */;
			proxyType = 1;
			remoteGlobalIDString = D10000000000000000000001;
			remoteInfo = CodexMetricsCore;
		};
		C10000000000000000000003 /* PBXContainerItemProxy */ = {
			isa = PBXContainerItemProxy;
			containerPortal = F00000000000000000000001 /* Project object */;
			proxyType = 1;
			remoteGlobalIDString = D10000000000000000000001;
			remoteInfo = CodexMetricsCore;
		};
		C10000000000000000000004 /* PBXContainerItemProxy */ = {
			isa = PBXContainerItemProxy;
			containerPortal = F00000000000000000000001 /* Project object */;
			proxyType = 1;
			remoteGlobalIDString = D50000000000000000000001;
			remoteInfo = CodexDashboardUI;
		};
		C10000000000000000000005 /* PBXContainerItemProxy */ = {
			isa = PBXContainerItemProxy;
			containerPortal = F00000000000000000000001 /* Project object */;
			proxyType = 1;
			remoteGlobalIDString = D10000000000000000000001;
			remoteInfo = CodexMetricsCore;
		};
/* End PBXContainerItemProxy section */

/* Begin PBXCopyFilesBuildPhase section */
		E20000000000000000000003 /* Embed Frameworks */ = {
			isa = PBXCopyFilesBuildPhase;
			buildActionMask = 2147483647;
			dstPath = "";
			dstSubfolderSpec = 10;
			files = (
				A50000000000000000000004 /* CodexMetricsCore.framework in Embed Frameworks */,
			);
			name = "Embed Frameworks";
			runOnlyForDeploymentPostprocessing = 0;
		};
		E20000000000000000000005 /* Embed Helpers */ = {
			isa = PBXCopyFilesBuildPhase;
			buildActionMask = 2147483647;
			dstPath = "../Helpers";
			dstSubfolderSpec = 13;
			files = (
				A70000000000000000000003 /* CodexDashboardUI.app in Embed Helpers */,
			);
			name = "Embed Helpers";
			runOnlyForDeploymentPostprocessing = 0;
		};
/* End PBXCopyFilesBuildPhase section */

/* Begin PBXFileReference section */
		64486C0F3039A9F800BD3175 /* Info.plist */ = {isa = PBXFileReference; lastKnownFileType = text.plist.xml; path = Info.plist; sourceTree = "<group>"; };
		B10000000000000000000001 /* Analytics.swift */ = {isa = PBXFileReference; lastKnownFileType = sourcecode.swift; path = Analytics.swift; sourceTree = "<group>"; };
		B10000000000000000000002 /* CodexStore.swift */ = {isa = PBXFileReference; lastKnownFileType = sourcecode.swift; path = CodexStore.swift; sourceTree = "<group>"; };
		B10000000000000000000003 /* Models.swift */ = {isa = PBXFileReference; lastKnownFileType = sourcecode.swift; path = Models.swift; sourceTree = "<group>"; };
		B10000000000000000000004 /* Pricing.swift */ = {isa = PBXFileReference; lastKnownFileType = sourcecode.swift; path = Pricing.swift; sourceTree = "<group>"; };
		B10000000000000000000005 /* RolloutParser.swift */ = {isa = PBXFileReference; lastKnownFileType = sourcecode.swift; path = RolloutParser.swift; sourceTree = "<group>"; };
		B10000000000000000000006 /* Subscription.swift */ = {isa = PBXFileReference; lastKnownFileType = sourcecode.swift; path = Subscription.swift; sourceTree = "<group>"; };
		B10000000000000000000007 /* HistoricalStore.swift */ = {isa = PBXFileReference; lastKnownFileType = sourcecode.swift; path = HistoricalStore.swift; sourceTree = "<group>"; };
		B10000000000000000000008 /* DynamicPricing.swift */ = {isa = PBXFileReference; lastKnownFileType = sourcecode.swift; path = DynamicPricing.swift; sourceTree = "<group>"; };
		B10000000000000000000009 /* Conversation.swift */ = {isa = PBXFileReference; lastKnownFileType = sourcecode.swift; path = Conversation.swift; sourceTree = "<group>"; };
		B1000000000000000000000A /* MetricsIndex.swift */ = {isa = PBXFileReference; lastKnownFileType = sourcecode.swift; path = MetricsIndex.swift; sourceTree = "<group>"; };
		B1000000000000000000000B /* CodexSourcePaths.swift */ = {isa = PBXFileReference; lastKnownFileType = sourcecode.swift; path = CodexSourcePaths.swift; sourceTree = "<group>"; };
		B20000000000000000000001 /* CodexDashboardApp.swift */ = {isa = PBXFileReference; lastKnownFileType = sourcecode.swift; path = CodexDashboardApp.swift; sourceTree = "<group>"; };
		B20000000000000000000002 /* Components.swift */ = {isa = PBXFileReference; lastKnownFileType = sourcecode.swift; path = Components.swift; sourceTree = "<group>"; };
		B20000000000000000000003 /* ContentView.swift */ = {isa = PBXFileReference; lastKnownFileType = sourcecode.swift; path = ContentView.swift; sourceTree = "<group>"; };
		B20000000000000000000004 /* DashboardStore.swift */ = {isa = PBXFileReference; lastKnownFileType = sourcecode.swift; path = DashboardStore.swift; sourceTree = "<group>"; };
		B20000000000000000000005 /* ConversationInspectorView.swift */ = {isa = PBXFileReference; lastKnownFileType = sourcecode.swift; path = ConversationInspectorView.swift; sourceTree = "<group>"; };
		B20000000000000000000006 /* CodexSourceWatcher.swift */ = {isa = PBXFileReference; lastKnownFileType = sourcecode.swift; path = CodexSourceWatcher.swift; sourceTree = "<group>"; };
		B20000000000000000000007 /* MenuBarStore.swift */ = {isa = PBXFileReference; lastKnownFileType = sourcecode.swift; path = MenuBarStore.swift; sourceTree = "<group>"; };
		B20000000000000000000008 /* DashboardProcessCoordinator.swift */ = {isa = PBXFileReference; lastKnownFileType = sourcecode.swift; path = DashboardProcessCoordinator.swift; sourceTree = "<group>"; };
		B20000000000000000000009 /* DashboardPreferences.swift */ = {isa = PBXFileReference; lastKnownFileType = sourcecode.swift; path = DashboardPreferences.swift; sourceTree = "<group>"; };
		B2000000000000000000000C /* StatusItemController.swift */ = {isa = PBXFileReference; lastKnownFileType = sourcecode.swift; path = StatusItemController.swift; sourceTree = "<group>"; };
		B70000000000000000000001 /* HelperMain.swift */ = {isa = PBXFileReference; lastKnownFileType = sourcecode.swift; path = HelperMain.swift; sourceTree = "<group>"; };
		B70000000000000000000002 /* Info.plist */ = {isa = PBXFileReference; lastKnownFileType = text.plist.xml; path = Info.plist; sourceTree = "<group>"; };
		B30000000000000000000001 /* main.swift */ = {isa = PBXFileReference; lastKnownFileType = sourcecode.swift; path = main.swift; sourceTree = "<group>"; };
		B40000000000000000000001 /* AnalyticsTests.swift */ = {isa = PBXFileReference; lastKnownFileType = sourcecode.swift; path = AnalyticsTests.swift; sourceTree = "<group>"; };
		B50000000000000000000001 /* CodexMetricsCore.framework */ = {isa = PBXFileReference; explicitFileType = wrapper.framework; includeInIndex = 0; path = CodexMetricsCore.framework; sourceTree = BUILT_PRODUCTS_DIR; };
		B50000000000000000000002 /* CodexDashboard.app */ = {isa = PBXFileReference; explicitFileType = wrapper.application; includeInIndex = 0; path = CodexDashboard.app; sourceTree = BUILT_PRODUCTS_DIR; };
		B50000000000000000000003 /* codex-metrics */ = {isa = PBXFileReference; explicitFileType = "compiled.mach-o.executable"; includeInIndex = 0; path = "codex-metrics"; sourceTree = BUILT_PRODUCTS_DIR; };
		B50000000000000000000004 /* CodexMetricsCoreTests.xctest */ = {isa = PBXFileReference; explicitFileType = wrapper.cfbundle; includeInIndex = 0; path = CodexMetricsCoreTests.xctest; sourceTree = BUILT_PRODUCTS_DIR; };
		B70000000000000000000003 /* CodexDashboardUI.app */ = {isa = PBXFileReference; explicitFileType = wrapper.application; includeInIndex = 0; path = CodexDashboardUI.app; sourceTree = BUILT_PRODUCTS_DIR; };
		B70000000000000000000004 /* DashboardHelperView.swift */ = {isa = PBXFileReference; lastKnownFileType = sourcecode.swift; path = DashboardHelperView.swift; sourceTree = "<group>"; };
		B80000000000000000000002 /* MenuBarPopoverView.swift */ = {isa = PBXFileReference; lastKnownFileType = sourcecode.swift; path = MenuBarPopoverView.swift; sourceTree = "<group>"; };
		B60000000000000000000001 /* README.md */ = {isa = PBXFileReference; lastKnownFileType = net.daringfireball.markdown; path = README.md; sourceTree = "<group>"; };
		B60000000000000000000002 /* METRICS.md */ = {isa = PBXFileReference; lastKnownFileType = net.daringfireball.markdown; path = METRICS.md; sourceTree = "<group>"; };
		B60000000000000000000003 /* Package.swift */ = {isa = PBXFileReference; lastKnownFileType = sourcecode.swift; path = Package.swift; sourceTree = "<group>"; };
		B60000000000000000000004 /* Assets.xcassets */ = {isa = PBXFileReference; lastKnownFileType = folder.assetcatalog; path = Assets.xcassets; sourceTree = "<group>"; };
/* End PBXFileReference section */

/* Begin PBXFrameworksBuildPhase section */
		E10000000000000000000002 /* Frameworks */ = {
			isa = PBXFrameworksBuildPhase;
			buildActionMask = 2147483647;
			files = (
			);
			runOnlyForDeploymentPostprocessing = 0;
		};
		E20000000000000000000002 /* Frameworks */ = {
			isa = PBXFrameworksBuildPhase;
			buildActionMask = 2147483647;
			files = (
				A50000000000000000000001 /* CodexMetricsCore.framework in Frameworks */,
				64486C0E3039979500BD3175 /* Sparkle in Frameworks */,
			);
			runOnlyForDeploymentPostprocessing = 0;
		};
		E30000000000000000000002 /* Frameworks */ = {
			isa = PBXFrameworksBuildPhase;
			buildActionMask = 2147483647;
			files = (
				A50000000000000000000002 /* CodexMetricsCore.framework in Frameworks */,
			);
			runOnlyForDeploymentPostprocessing = 0;
		};
		E40000000000000000000002 /* Frameworks */ = {
			isa = PBXFrameworksBuildPhase;
			buildActionMask = 2147483647;
			files = (
				A50000000000000000000003 /* CodexMetricsCore.framework in Frameworks */,
			);
			runOnlyForDeploymentPostprocessing = 0;
		};
		E50000000000000000000002 /* Frameworks */ = {
			isa = PBXFrameworksBuildPhase;
			buildActionMask = 2147483647;
			files = (
				A50000000000000000000005 /* CodexMetricsCore.framework in Helper Frameworks */,
			);
			runOnlyForDeploymentPostprocessing = 0;
		};
/* End PBXFrameworksBuildPhase section */

/* Begin PBXGroup section */
		F10000000000000000000001 = {
			isa = PBXGroup;
			children = (
				F10000000000000000000002 /* Sources */,
				F10000000000000000000006 /* Tests */,
				B60000000000000000000001 /* README.md */,
				B60000000000000000000002 /* METRICS.md */,
				B60000000000000000000003 /* Package.swift */,
				F10000000000000000000007 /* Products */,
			);
			sourceTree = "<group>";
		};
		F10000000000000000000002 /* Sources */ = {
			isa = PBXGroup;
			children = (
					F10000000000000000000003 /* CodexMetricsCore */,
					F10000000000000000000004 /* CodexDashboard */,
					F10000000000000000000009 /* CodexDashboardUI */,
					F10000000000000000000005 /* CodexMetricsCLI */,
			);
			path = Sources;
			sourceTree = "<group>";
		};
		F10000000000000000000003 /* CodexMetricsCore */ = {
			isa = PBXGroup;
			children = (
				B10000000000000000000001 /* Analytics.swift */,
				B10000000000000000000002 /* CodexStore.swift */,
				B10000000000000000000003 /* Models.swift */,
				B10000000000000000000004 /* Pricing.swift */,
				B10000000000000000000005 /* RolloutParser.swift */,
				B10000000000000000000006 /* Subscription.swift */,
				B10000000000000000000007 /* HistoricalStore.swift */,
				B10000000000000000000008 /* DynamicPricing.swift */,
				B10000000000000000000009 /* Conversation.swift */,
				B1000000000000000000000A /* MetricsIndex.swift */,
				B1000000000000000000000B /* CodexSourcePaths.swift */,
			);
			path = CodexMetricsCore;
			sourceTree = "<group>";
		};
		F10000000000000000000004 /* CodexDashboard */ = {
			isa = PBXGroup;
			children = (
				64486C0F3039A9F800BD3175 /* Info.plist */,
				B20000000000000000000001 /* CodexDashboardApp.swift */,
				B20000000000000000000008 /* DashboardProcessCoordinator.swift */,
				B20000000000000000000002 /* Components.swift */,
				B20000000000000000000003 /* ContentView.swift */,
				B20000000000000000000004 /* DashboardStore.swift */,
				B20000000000000000000005 /* ConversationInspectorView.swift */,
				B20000000000000000000006 /* CodexSourceWatcher.swift */,
				B20000000000000000000007 /* MenuBarStore.swift */,
				B20000000000000000000009 /* DashboardPreferences.swift */,
				B2000000000000000000000C /* StatusItemController.swift */,
				B80000000000000000000002 /* MenuBarPopoverView.swift */,
				B60000000000000000000004 /* Assets.xcassets */,
			);
			path = CodexDashboard;
			sourceTree = "<group>";
		};
		F10000000000000000000009 /* CodexDashboardUI */ = {
			isa = PBXGroup;
			children = (
				B70000000000000000000004 /* DashboardHelperView.swift */,
				B70000000000000000000001 /* HelperMain.swift */,
				B70000000000000000000002 /* Info.plist */,
			);
			path = CodexDashboardUI;
			sourceTree = "<group>";
		};
		F10000000000000000000005 /* CodexMetricsCLI */ = {
			isa = PBXGroup;
			children = (
				B30000000000000000000001 /* main.swift */,
			);
			path = CodexMetricsCLI;
			sourceTree = "<group>";
		};
		F10000000000000000000006 /* Tests */ = {
			isa = PBXGroup;
			children = (
				F10000000000000000000008 /* CodexMetricsCoreTests */,
			);
			path = Tests;
			sourceTree = "<group>";
		};
		F10000000000000000000007 /* Products */ = {
			isa = PBXGroup;
			children = (
				B50000000000000000000001 /* CodexMetricsCore.framework */,
				B50000000000000000000002 /* CodexDashboard.app */,
				B70000000000000000000003 /* CodexDashboardUI.app */,
				B50000000000000000000003 /* codex-metrics */,
				B50000000000000000000004 /* CodexMetricsCoreTests.xctest */,
			);
			name = Products;
			sourceTree = "<group>";
		};
		F10000000000000000000008 /* CodexMetricsCoreTests */ = {
			isa = PBXGroup;
			children = (
				B40000000000000000000001 /* AnalyticsTests.swift */,
			);
			path = CodexMetricsCoreTests;
			sourceTree = "<group>";
		};
/* End PBXGroup section */

/* Begin PBXNativeTarget section */
		D10000000000000000000001 /* CodexMetricsCore */ = {
			isa = PBXNativeTarget;
			buildConfigurationList = F30000000000000000000002 /* Build configuration list for PBXNativeTarget "CodexMetricsCore" */;
			buildPhases = (
				E10000000000000000000001 /* Sources */,
				E10000000000000000000002 /* Frameworks */,
			);
			buildRules = (
			);
			dependencies = (
			);
			name = CodexMetricsCore;
			productName = CodexMetricsCore;
			productReference = B50000000000000000000001 /* CodexMetricsCore.framework */;
			productType = "com.apple.product-type.framework";
		};
		D20000000000000000000001 /* CodexDashboard */ = {
			isa = PBXNativeTarget;
			buildConfigurationList = F30000000000000000000003 /* Build configuration list for PBXNativeTarget "CodexDashboard" */;
			buildPhases = (
				E20000000000000000000001 /* Sources */,
				E20000000000000000000002 /* Frameworks */,
				E20000000000000000000004 /* Resources */,
				E20000000000000000000003 /* Embed Frameworks */,
				E20000000000000000000005 /* Embed Helpers */,
			);
			buildRules = (
			);
			dependencies = (
				C20000000000000000000001 /* PBXTargetDependency */,
				C20000000000000000000004 /* PBXTargetDependency */,
			);
			name = CodexDashboard;
			productName = CodexDashboard;
			productReference = B50000000000000000000002 /* CodexDashboard.app */;
			productType = "com.apple.product-type.application";
		};
		D50000000000000000000001 /* CodexDashboardUI */ = {
			isa = PBXNativeTarget;
			buildConfigurationList = F35000000000000000000001 /* Build configuration list for PBXNativeTarget "CodexDashboardUI" */;
			buildPhases = (
				E50000000000000000000001 /* Sources */,
				E50000000000000000000002 /* Frameworks */,
				E50000000000000000000004 /* Resources */,
			);
			buildRules = (
			);
			dependencies = (
				C20000000000000000000005 /* PBXTargetDependency */,
			);
			name = CodexDashboardUI;
			productName = CodexDashboardUI;
			productReference = B70000000000000000000003 /* CodexDashboardUI.app */;
			productType = "com.apple.product-type.application";
		};
		D30000000000000000000001 /* CodexMetricsCLI */ = {
			isa = PBXNativeTarget;
			buildConfigurationList = F30000000000000000000004 /* Build configuration list for PBXNativeTarget "CodexMetricsCLI" */;
			buildPhases = (
				E30000000000000000000001 /* Sources */,
				E30000000000000000000002 /* Frameworks */,
			);
			buildRules = (
			);
			dependencies = (
				C20000000000000000000002 /* PBXTargetDependency */,
			);
			name = CodexMetricsCLI;
			productName = "codex-metrics";
			productReference = B50000000000000000000003 /* codex-metrics */;
			productType = "com.apple.product-type.tool";
		};
		D40000000000000000000001 /* CodexMetricsCoreTests */ = {
			isa = PBXNativeTarget;
			buildConfigurationList = F30000000000000000000005 /* Build configuration list for PBXNativeTarget "CodexMetricsCoreTests" */;
			buildPhases = (
				E40000000000000000000001 /* Sources */,
				E40000000000000000000002 /* Frameworks */,
			);
			buildRules = (
			);
			dependencies = (
				C20000000000000000000003 /* PBXTargetDependency */,
			);
			name = CodexMetricsCoreTests;
			productName = CodexMetricsCoreTests;
			productReference = B50000000000000000000004 /* CodexMetricsCoreTests.xctest */;
			productType = "com.apple.product-type.bundle.unit-test";
		};
/* End PBXNativeTarget section */

/* Begin PBXProject section */
		F00000000000000000000001 /* Project object */ = {
			isa = PBXProject;
			attributes = {
				BuildIndependentTargetsInParallel = 1;
				LastSwiftUpdateCheck = 2660;
				LastUpgradeCheck = 2660;
				TargetAttributes = {
					D10000000000000000000001 = {
						CreatedOnToolsVersion = 26.0;
					};
					D20000000000000000000001 = {
						CreatedOnToolsVersion = 26.0;
					};
					D50000000000000000000001 = {
						CreatedOnToolsVersion = 26.0;
					};
					D30000000000000000000001 = {
						CreatedOnToolsVersion = 26.0;
					};
					D40000000000000000000001 = {
						CreatedOnToolsVersion = 26.0;
						TestTargetID = D10000000000000000000001;
					};
				};
			};
			buildConfigurationList = F30000000000000000000001 /* Build configuration list for PBXProject "CodexDashboard" */;
			compatibilityVersion = "Xcode 16.0";
			developmentRegion = en;
			hasScannedForEncodings = 0;
			knownRegions = (
				en,
				Base,
			);
			mainGroup = F10000000000000000000001;
			packageReferences = (
				64486C0C3039979500BD3175 /* XCRemoteSwiftPackageReference "Sparkle" */,
			);
			productRefGroup = F10000000000000000000007 /* Products */;
			projectDirPath = "";
			projectRoot = "";
				targets = (
					D20000000000000000000001 /* CodexDashboard */,
					D10000000000000000000001 /* CodexMetricsCore */,
					D50000000000000000000001 /* CodexDashboardUI */,
					D30000000000000000000001 /* CodexMetricsCLI */,
				D40000000000000000000001 /* CodexMetricsCoreTests */,
			);
		};
/* End PBXProject section */

/* Begin PBXResourcesBuildPhase section */
		E50000000000000000000004 /* Resources */ = {
			isa = PBXResourcesBuildPhase;
			buildActionMask = 2147483647;
			files = (
				A70000000000000000000002 /* Assets.xcassets in Resources */,
			);
			runOnlyForDeploymentPostprocessing = 0;
		};
		E20000000000000000000004 /* Resources */ = {
			isa = PBXResourcesBuildPhase;
			buildActionMask = 2147483647;
			files = (
				A60000000000000000000001 /* Assets.xcassets in Resources */,
			);
			runOnlyForDeploymentPostprocessing = 0;
		};
/* End PBXResourcesBuildPhase section */

/* Begin PBXSourcesBuildPhase section */
		E10000000000000000000001 /* Sources */ = {
			isa = PBXSourcesBuildPhase;
			buildActionMask = 2147483647;
			files = (
				A10000000000000000000001 /* Analytics.swift in Sources */,
				A10000000000000000000002 /* CodexStore.swift in Sources */,
				A10000000000000000000003 /* Models.swift in Sources */,
				A10000000000000000000004 /* Pricing.swift in Sources */,
				A10000000000000000000005 /* RolloutParser.swift in Sources */,
				A10000000000000000000006 /* Subscription.swift in Sources */,
				A10000000000000000000007 /* HistoricalStore.swift in Sources */,
				A10000000000000000000008 /* DynamicPricing.swift in Sources */,
				A10000000000000000000009 /* Conversation.swift in Sources */,
				A1000000000000000000000A /* MetricsIndex.swift in Sources */,
				A1000000000000000000000B /* CodexSourcePaths.swift in Sources */,
			);
			runOnlyForDeploymentPostprocessing = 0;
		};
		E20000000000000000000001 /* Sources */ = {
			isa = PBXSourcesBuildPhase;
			buildActionMask = 2147483647;
			files = (
				A20000000000000000000001 /* CodexDashboardApp.swift in Sources */,
				A20000000000000000000007 /* MenuBarStore.swift in Sources */,
				A20000000000000000000008 /* DashboardProcessCoordinator.swift in Sources */,
				A20000000000000000000009 /* DashboardPreferences.swift in Sources */,
				A2000000000000000000000C /* StatusItemController.swift in Sources */,
				A2000000000000000000000E /* CodexSourceWatcher.swift in Sources */,
				A2000000000000000000000D /* MenuBarPopoverView.swift in Sources */,
			);
			runOnlyForDeploymentPostprocessing = 0;
		};
		E30000000000000000000001 /* Sources */ = {
			isa = PBXSourcesBuildPhase;
			buildActionMask = 2147483647;
			files = (
				A30000000000000000000001 /* main.swift in Sources */,
			);
			runOnlyForDeploymentPostprocessing = 0;
		};
		E40000000000000000000001 /* Sources */ = {
			isa = PBXSourcesBuildPhase;
			buildActionMask = 2147483647;
			files = (
				A40000000000000000000001 /* AnalyticsTests.swift in Sources */,
			);
			runOnlyForDeploymentPostprocessing = 0;
		};
		E50000000000000000000001 /* Sources */ = {
			isa = PBXSourcesBuildPhase;
			buildActionMask = 2147483647;
			files = (
				A70000000000000000000001 /* HelperMain.swift in Sources */,
				A70000000000000000000004 /* Components.swift in Helper Sources */,
				A70000000000000000000005 /* ContentView.swift in Helper Sources */,
				A70000000000000000000006 /* DashboardStore.swift in Helper Sources */,
				A70000000000000000000007 /* ConversationInspectorView.swift in Helper Sources */,
				A7000000000000000000000A /* DashboardHelperView.swift in Sources */,
				A7000000000000000000000B /* DashboardPreferences.swift in Helper Sources */,
			);
			runOnlyForDeploymentPostprocessing = 0;
		};
/* End PBXSourcesBuildPhase section */

/* Begin PBXTargetDependency section */
		C20000000000000000000001 /* PBXTargetDependency */ = {
			isa = PBXTargetDependency;
			target = D10000000000000000000001 /* CodexMetricsCore */;
			targetProxy = C10000000000000000000001 /* PBXContainerItemProxy */;
		};
		C20000000000000000000002 /* PBXTargetDependency */ = {
			isa = PBXTargetDependency;
			target = D10000000000000000000001 /* CodexMetricsCore */;
			targetProxy = C10000000000000000000002 /* PBXContainerItemProxy */;
		};
		C20000000000000000000003 /* PBXTargetDependency */ = {
			isa = PBXTargetDependency;
			target = D10000000000000000000001 /* CodexMetricsCore */;
			targetProxy = C10000000000000000000003 /* PBXContainerItemProxy */;
		};
		C20000000000000000000004 /* PBXTargetDependency */ = {
			isa = PBXTargetDependency;
			target = D50000000000000000000001 /* CodexDashboardUI */;
			targetProxy = C10000000000000000000004 /* PBXContainerItemProxy */;
		};
		C20000000000000000000005 /* PBXTargetDependency */ = {
			isa = PBXTargetDependency;
			target = D10000000000000000000001 /* CodexMetricsCore */;
			 targetProxy = C10000000000000000000005 /* PBXContainerItemProxy */;
		};
/* End PBXTargetDependency section */

/* Begin XCBuildConfiguration section */
		F40000000000000000000001 /* Debug */ = {
			isa = XCBuildConfiguration;
			buildSettings = {
				CLANG_ENABLE_MODULES = YES;
				MACOSX_DEPLOYMENT_TARGET = 14.0;
				SDKROOT = macosx;
				SWIFT_ACTIVE_COMPILATION_CONDITIONS = DEBUG;
				SWIFT_OPTIMIZATION_LEVEL = "-Onone";
			};
			name = Debug;
		};
		F40000000000000000000002 /* Release */ = {
			isa = XCBuildConfiguration;
			buildSettings = {
				CLANG_ENABLE_MODULES = YES;
				MACOSX_DEPLOYMENT_TARGET = 14.0;
				SDKROOT = macosx;
				SWIFT_COMPILATION_MODE = wholemodule;
				SWIFT_OPTIMIZATION_LEVEL = "-O";
			};
			name = Release;
		};
		F41000000000000000000001 /* Debug */ = {
			isa = XCBuildConfiguration;
			buildSettings = {
				CODE_SIGN_STYLE = Automatic;
				DEFINES_MODULE = YES;
				DYLIB_COMPATIBILITY_VERSION = 1;
				DYLIB_CURRENT_VERSION = 1;
				DYLIB_INSTALL_NAME_BASE = "@rpath";
				ENABLE_TESTABILITY = YES;
				GENERATE_INFOPLIST_FILE = YES;
				INSTALL_PATH = "$(LOCAL_LIBRARY_DIR)/Frameworks";
				LD_RUNPATH_SEARCH_PATHS = (
					"$(inherited)",
					"@loader_path/Frameworks",
				);
				OTHER_LDFLAGS = (
					"$(inherited)",
					"-lsqlite3",
				);
				PRODUCT_BUNDLE_IDENTIFIER = com.local.CodexDashboard.MetricsCore;
				PRODUCT_NAME = "$(TARGET_NAME)";
				SKIP_INSTALL = YES;
				SWIFT_EMIT_LOC_STRINGS = YES;
				SWIFT_VERSION = 6.0;
			};
			name = Debug;
		};
		F41000000000000000000002 /* Release */ = {
			isa = XCBuildConfiguration;
			buildSettings = {
				CODE_SIGN_STYLE = Automatic;
				DEFINES_MODULE = YES;
				DYLIB_COMPATIBILITY_VERSION = 1;
				DYLIB_CURRENT_VERSION = 1;
				DYLIB_INSTALL_NAME_BASE = "@rpath";
				GENERATE_INFOPLIST_FILE = YES;
				INSTALL_PATH = "$(LOCAL_LIBRARY_DIR)/Frameworks";
				LD_RUNPATH_SEARCH_PATHS = (
					"$(inherited)",
					"@loader_path/Frameworks",
				);
				OTHER_LDFLAGS = (
					"$(inherited)",
					"-lsqlite3",
				);
				PRODUCT_BUNDLE_IDENTIFIER = com.local.CodexDashboard.MetricsCore;
				PRODUCT_NAME = "$(TARGET_NAME)";
				SKIP_INSTALL = YES;
				SWIFT_EMIT_LOC_STRINGS = YES;
				SWIFT_VERSION = 6.0;
			};
			name = Release;
		};
		F42000000000000000000001 /* Debug */ = {
			isa = XCBuildConfiguration;
			buildSettings = {
				ASSETCATALOG_COMPILER_APPICON_NAME = AppIcon;
				CODE_SIGN_STYLE = Automatic;
				COMBINE_HIDPI_IMAGES = YES;
				COPY_PHASE_STRIP = NO;
				CURRENT_PROJECT_VERSION = 20260824203723;
				DEVELOPMENT_TEAM = 4LK28PK96X;
				ENABLE_HARDENED_RUNTIME = YES;
				GENERATE_INFOPLIST_FILE = YES;
				INFOPLIST_FILE = Sources/CodexDashboard/Info.plist;
				INFOPLIST_KEY_CFBundleDisplayName = "Codex Dashboard";
				INFOPLIST_KEY_LSApplicationCategoryType = "public.app-category.developer-tools";
				LD_RUNPATH_SEARCH_PATHS = (
					"$(inherited)",
					"@executable_path/../Frameworks",
				);
				MARKETING_VERSION = 0.1.6;
				PRODUCT_BUNDLE_IDENTIFIER = com.chunyangwen.CodexDashboard;
				PRODUCT_NAME = "$(TARGET_NAME)";
				SWIFT_EMIT_LOC_STRINGS = YES;
				SWIFT_VERSION = 6.0;
			};
			name = Debug;
		};
		F42000000000000000000002 /* Release */ = {
			isa = XCBuildConfiguration;
			buildSettings = {
				ASSETCATALOG_COMPILER_APPICON_NAME = AppIcon;
				CODE_SIGN_STYLE = Automatic;
				COMBINE_HIDPI_IMAGES = YES;
				COPY_PHASE_STRIP = NO;
				CURRENT_PROJECT_VERSION = 20260824203723;
				DEVELOPMENT_TEAM = 4LK28PK96X;
				ENABLE_HARDENED_RUNTIME = YES;
				GENERATE_INFOPLIST_FILE = YES;
				INFOPLIST_FILE = Sources/CodexDashboard/Info.plist;
				INFOPLIST_KEY_CFBundleDisplayName = "Codex Dashboard";
				INFOPLIST_KEY_LSApplicationCategoryType = "public.app-category.developer-tools";
				LD_RUNPATH_SEARCH_PATHS = (
					"$(inherited)",
					"@executable_path/../Frameworks",
				);
				MARKETING_VERSION = 0.1.6;
				PRODUCT_BUNDLE_IDENTIFIER = com.chunyangwen.CodexDashboard;
				PRODUCT_NAME = "$(TARGET_NAME)";
				SWIFT_EMIT_LOC_STRINGS = YES;
				SWIFT_VERSION = 6.0;
			};
			name = Release;
		};
		F45000000000000000000001 /* Debug */ = {
			isa = XCBuildConfiguration;
			buildSettings = {
				ASSETCATALOG_COMPILER_APPICON_NAME = AppIcon;
				CODE_SIGN_STYLE = Automatic;
				COMBINE_HIDPI_IMAGES = YES;
				CURRENT_PROJECT_VERSION = 20260824203723;
				DEVELOPMENT_TEAM = 4LK28PK96X;
				ENABLE_HARDENED_RUNTIME = YES;
				GENERATE_INFOPLIST_FILE = YES;
				INFOPLIST_FILE = Sources/CodexDashboardUI/Info.plist;
				LD_RUNPATH_SEARCH_PATHS = (
					"$(inherited)",
					"@executable_path/../../../../Frameworks",
				);
				MARKETING_VERSION = 0.1.6;
				PRODUCT_BUNDLE_IDENTIFIER = com.chunyangwen.CodexDashboard.DashboardUI;
				PRODUCT_NAME = "$(TARGET_NAME)";
				SKIP_INSTALL = YES;
				SWIFT_VERSION = 6.0;
			};
			name = Debug;
		};
		F45000000000000000000002 /* Release */ = {
			isa = XCBuildConfiguration;
			buildSettings = {
				ASSETCATALOG_COMPILER_APPICON_NAME = AppIcon;
				CODE_SIGN_STYLE = Automatic;
				COMBINE_HIDPI_IMAGES = YES;
				CURRENT_PROJECT_VERSION = 20260824203723;
				DEVELOPMENT_TEAM = 4LK28PK96X;
				ENABLE_HARDENED_RUNTIME = YES;
				GENERATE_INFOPLIST_FILE = YES;
				INFOPLIST_FILE = Sources/CodexDashboardUI/Info.plist;
				LD_RUNPATH_SEARCH_PATHS = (
					"$(inherited)",
					"@executable_path/../../../../Frameworks",
				);
				MARKETING_VERSION = 0.1.6;
				PRODUCT_BUNDLE_IDENTIFIER = com.chunyangwen.CodexDashboard.DashboardUI;
				PRODUCT_NAME = "$(TARGET_NAME)";
				SKIP_INSTALL = YES;
				SWIFT_VERSION = 6.0;
			};
			name = Release;
		};
		F43000000000000000000001 /* Debug */ = {
			isa = XCBuildConfiguration;
			buildSettings = {
				CODE_SIGN_STYLE = Automatic;
				GENERATE_INFOPLIST_FILE = YES;
				LD_RUNPATH_SEARCH_PATHS = (
					"$(inherited)",
					"@executable_path",
				);
				OTHER_SWIFT_FLAGS = "-parse-as-library";
				PRODUCT_BUNDLE_IDENTIFIER = com.local.CodexDashboard.CLI;
				PRODUCT_NAME = "codex-metrics";
				SKIP_INSTALL = YES;
				SWIFT_VERSION = 6.0;
			};
			name = Debug;
		};
		F43000000000000000000002 /* Release */ = {
			isa = XCBuildConfiguration;
			buildSettings = {
				CODE_SIGN_STYLE = Automatic;
				GENERATE_INFOPLIST_FILE = YES;
				LD_RUNPATH_SEARCH_PATHS = (
					"$(inherited)",
					"@executable_path",
				);
				OTHER_SWIFT_FLAGS = "-parse-as-library";
				PRODUCT_BUNDLE_IDENTIFIER = com.local.CodexDashboard.CLI;
				PRODUCT_NAME = "codex-metrics";
				SKIP_INSTALL = YES;
				SWIFT_VERSION = 6.0;
			};
			name = Release;
		};
		F44000000000000000000001 /* Debug */ = {
			isa = XCBuildConfiguration;
			buildSettings = {
				BUNDLE_LOADER = "$(TEST_HOST)";
				CODE_SIGN_STYLE = Automatic;
				GENERATE_INFOPLIST_FILE = YES;
				PRODUCT_BUNDLE_IDENTIFIER = com.local.CodexDashboard.CoreTests;
				PRODUCT_NAME = "$(TARGET_NAME)";
				SWIFT_VERSION = 6.0;
				TEST_HOST = "";
			};
			name = Debug;
		};
		F44000000000000000000002 /* Release */ = {
			isa = XCBuildConfiguration;
			buildSettings = {
				BUNDLE_LOADER = "$(TEST_HOST)";
				CODE_SIGN_STYLE = Automatic;
				GENERATE_INFOPLIST_FILE = YES;
				PRODUCT_BUNDLE_IDENTIFIER = com.local.CodexDashboard.CoreTests;
				PRODUCT_NAME = "$(TARGET_NAME)";
				SWIFT_VERSION = 6.0;
				TEST_HOST = "";
			};
			name = Release;
		};
/* End XCBuildConfiguration section */

/* Begin XCConfigurationList section */
		F30000000000000000000001 /* Build configuration list for PBXProject "CodexDashboard" */ = {
			isa = XCConfigurationList;
			buildConfigurations = (
				F40000000000000000000001 /* Debug */,
				F40000000000000000000002 /* Release */,
			);
			defaultConfigurationIsVisible = 0;
			defaultConfigurationName = Release;
		};
		F30000000000000000000002 /* Build configuration list for PBXNativeTarget "CodexMetricsCore" */ = {
			isa = XCConfigurationList;
			buildConfigurations = (
				F41000000000000000000001 /* Debug */,
				F41000000000000000000002 /* Release */,
			);
			defaultConfigurationIsVisible = 0;
			defaultConfigurationName = Release;
		};
		F30000000000000000000003 /* Build configuration list for PBXNativeTarget "CodexDashboard" */ = {
			isa = XCConfigurationList;
			buildConfigurations = (
				F42000000000000000000001 /* Debug */,
				F42000000000000000000002 /* Release */,
			);
			defaultConfigurationIsVisible = 0;
			defaultConfigurationName = Release;
		};
		F35000000000000000000001 /* Build configuration list for PBXNativeTarget "CodexDashboardUI" */ = {
			isa = XCConfigurationList;
			buildConfigurations = (
				F45000000000000000000001 /* Debug */,
				F45000000000000000000002 /* Release */,
			);
			defaultConfigurationIsVisible = 0;
			defaultConfigurationName = Release;
		};
		F30000000000000000000004 /* Build configuration list for PBXNativeTarget "CodexMetricsCLI" */ = {
			isa = XCConfigurationList;
			buildConfigurations = (
				F43000000000000000000001 /* Debug */,
				F43000000000000000000002 /* Release */,
			);
			defaultConfigurationIsVisible = 0;
			defaultConfigurationName = Release;
		};
		F30000000000000000000005 /* Build configuration list for PBXNativeTarget "CodexMetricsCoreTests" */ = {
			isa = XCConfigurationList;
			buildConfigurations = (
				F44000000000000000000001 /* Debug */,
				F44000000000000000000002 /* Release */,
			);
			defaultConfigurationIsVisible = 0;
			defaultConfigurationName = Release;
		};
/* End XCConfigurationList section */

/* Begin XCRemoteSwiftPackageReference section */
		64486C0C3039979500BD3175 /* XCRemoteSwiftPackageReference "Sparkle" */ = {
			isa = XCRemoteSwiftPackageReference;
			repositoryURL = "https://github.com/sparkle-project/Sparkle";
			requirement = {
				kind = upToNextMajorVersion;
				minimumVersion = 2.9.6;
			};
		};
/* End XCRemoteSwiftPackageReference section */

/* Begin XCSwiftPackageProductDependency section */
		64486C0D3039979500BD3175 /* Sparkle */ = {
			isa = XCSwiftPackageProductDependency;
			package = 64486C0C3039979500BD3175 /* XCRemoteSwiftPackageReference "Sparkle" */;
			productName = Sparkle;
		};
/* End XCSwiftPackageProductDependency section */
	};
	rootObject = F00000000000000000000001 /* Project object */;
}
